
Microsoft Visual Studio Solution File, Format Version 12.00
# Visual Studio Version 17
VisualStudioVersion = 17.0.31903.59
MinimumVisualStudioVersion = 10.0.40219.1
Project("{2150E333-8FDC-42A3-9474-1A3956D46DE8}") = "src", "src", "{5AD2EAC9-6EBE-4889-9B3D-BE952F64E8DE}"
EndProject
Project("{FAE04EC0-301F-11D3-BF4B-00C04F79EFBC}") = "AuctionService-controllers", "src\AuctionService-controllers\AuctionService-controllers.csproj", "{BDABD7F8-2532-4484-A69D-C995A312C13A}"
EndProject
Project("{FAE04EC0-301F-11D3-BF4B-00C04F79EFBC}") = "SearchService-controllers", "src\SearchService-controllers\SearchService-controllers.csproj", "{B783B42D-4EBC-45EF-B4FD-4AB5BFBD9E60}"
EndProject
Global
	GlobalSection(SolutionConfigurationPlatforms) = preSolution
		Debug|Any CPU = Debug|Any CPU
		Release|Any CPU = Release|Any CPU
	EndGlobalSection
	GlobalSection(SolutionProperties) = preSolution
		HideSolutionNode = FALSE
	EndGlobalSection
	GlobalSection(ProjectConfigurationPlatforms) = postSolution
		{BDABD7F8-2532-4484-A69D-C995A312C13A}.Debug|Any CPU.ActiveCfg = Debug|Any CPU
		{BDABD7F8-2532-4484-A69D-C995A312C13A}.Debug|Any CPU.Build.0 = Debug|Any CPU
		{BDABD7F8-2532-4484-A69D-C995A312C13A}.Release|Any CPU.ActiveCfg = Release|Any CPU
		{BDABD7F8-2532-4484-A69D-C995A312C13A}.Release|Any CPU.Build.0 = Release|Any CPU
		{B783B42D-4EBC-45EF-B4FD-4AB5BFBD9E60}.Debug|Any CPU.ActiveCfg = Debug|Any CPU
		{B783B42D-4EBC-45EF-B4FD-4AB5BFBD9E60}.Debug|Any CPU.Build.0 = Debug|Any CPU
		{B783B42D-4EBC-45EF-B4FD-4AB5BFBD9E60}.Release|Any CPU.ActiveCfg = Release|Any CPU
		{B783B42D-4EBC-45EF-B4FD-4AB5BFBD9E60}.Release|Any CPU.Build.0 = Release|Any CPU
	EndGlobalSection
	GlobalSection(NestedProjects) = preSolution
		{BDABD7F8-2532-4484-A69D-C995A312C13A} = {5AD2EAC9-6EBE-4889-9B3D-BE952F64E8DE}
		{B783B42D-4EBC-45EF-B4FD-4AB5BFBD9E60} = {5AD2EAC9-6EBE-4889-9B3D-BE952F64E8DE}
	EndGlobalSection
EndGlobal
